
Microsoft Visual Studio Solution File, Format Version 12.00
# Visual Studio 14
VisualStudioVersion = 14.0.25123.0
MinimumVisualStudioVersion = 10.0.40219.1
Project("{2150E333-8FDC-42A3-9474-1A3956D46DE8}") = "Excercises", "Excercises", "{AC27779C-BA09-4403-B56A-E5750529C0A0}"
EndProject
Project("{2150E333-8FDC-42A3-9474-1A3956D46DE8}") = "BaseLibrary", "BaseLibrary", "{336EEF17-D787-4E1D-8963-84B1412F707F}"
EndProject
Project("{FAE04EC0-301F-11D3-BF4B-00C04F79EFBC}") = "ExcerBaseLibrary", "ExcerBaseLibrary\ExcerBaseLibrary.csproj", "{CA5ACDC9-E9EE-4FD9-996A-AB38C7793538}"
EndProject
Project("{FAE04EC0-301F-11D3-BF4B-00C04F79EFBC}") = "Excercise02", "Excercise02\Excercise02.csproj", "{22082F1C-7370-4CDE-B98F-A706FD8E74B0}"
EndProject
Global
	GlobalSection(SolutionConfigurationPlatforms) = preSolution
		Debug|Any CPU = Debug|Any CPU
		Release|Any CPU = Release|Any CPU
	EndGlobalSection
	GlobalSection(ProjectConfigurationPlatforms) = postSolution
		{CA5ACDC9-E9EE-4FD9-996A-AB38C7793538}.Debug|Any CPU.ActiveCfg = Debug|Any CPU
		{CA5ACDC9-E9EE-4FD9-996A-AB38C7793538}.Debug|Any CPU.Build.0 = Debug|Any CPU
		{CA5ACDC9-E9EE-4FD9-996A-AB38C7793538}.Release|Any CPU.ActiveCfg = Release|Any CPU
		{CA5ACDC9-E9EE-4FD9-996A-AB38C7793538}.Release|Any CPU.Build.0 = Release|Any CPU
		{22082F1C-7370-4CDE-B98F-A706FD8E74B0}.Debug|Any CPU.ActiveCfg = Debug|Any CPU
		{22082F1C-7370-4CDE-B98F-A706FD8E74B0}.Debug|Any CPU.Build.0 = Debug|Any CPU
		{22082F1C-7370-4CDE-B98F-A706FD8E74B0}.Release|Any CPU.ActiveCfg = Release|Any CPU
		{22082F1C-7370-4CDE-B98F-A706FD8E74B0}.Release|Any CPU.Build.0 = Release|Any CPU
	EndGlobalSection
	GlobalSection(SolutionProperties) = preSolution
		HideSolutionNode = FALSE
	EndGlobalSection
	GlobalSection(NestedProjects) = preSolution
		{CA5ACDC9-E9EE-4FD9-996A-AB38C7793538} = {336EEF17-D787-4E1D-8963-84B1412F707F}
		{22082F1C-7370-4CDE-B98F-A706FD8E74B0} = {AC27779C-BA09-4403-B56A-E5750529C0A0}
	EndGlobalSection
EndGlobal
